
Microsoft Visual Studio Solution File, Format Version 12.00
# Visual Studio Version 17
VisualStudioVersion = 17.7.33906.173
MinimumVisualStudioVersion = 10.0.40219.1
Project("{2150E333-8FDC-42A3-9474-1A3956D46DE8}") = "src", "src", "{AD969FDB-70B2-4A19-A900-3413F71C0E54}"
EndProject
Project("{2150E333-8FDC-42A3-9474-1A3956D46DE8}") = "tests", "tests", "{EEAC5D1F-45BF-4DA2-BB8A-275F68CCFC02}"
EndProject
Project("{9A19103F-16F7-4668-BE54-9A1E7A4F7556}") = "MyDeveloperTools.UnitTest", "MyDeveloperTools.UnitTest\MyDeveloperTools.UnitTest.csproj", "{16E86A0E-8EF0-4589-8483-BFE6F1EEDBCD}"
EndProject
Project("{9A19103F-16F7-4668-BE54-9A1E7A4F7556}") = "MyDeveloperTools.Core", "MyDeveloperTools.Core\MyDeveloperTools.Core.csproj", "{AC860FCC-C3ED-466F-B5F2-1A2C94F6F517}"
EndProject
Project("{FAE04EC0-301F-11D3-BF4B-00C04F79EFBC}") = "MyDeveloperTools.ServerApp", "MyDeveloperTools.ServerApp\MyDeveloperTools.ServerApp.csproj", "{23947A02-4779-4284-AE3C-BB516E3C14F1}"
EndProject
Global
	GlobalSection(SolutionConfigurationPlatforms) = preSolution
		Debug|Any CPU = Debug|Any CPU
		Release|Any CPU = Release|Any CPU
	EndGlobalSection
	GlobalSection(ProjectConfigurationPlatforms) = postSolution
		{16E86A0E-8EF0-4589-8483-BFE6F1EEDBCD}.Debug|Any CPU.ActiveCfg = Debug|Any CPU
		{16E86A0E-8EF0-4589-8483-BFE6F1EEDBCD}.Debug|Any CPU.Build.0 = Debug|Any CPU
		{16E86A0E-8EF0-4589-8483-BFE6F1EEDBCD}.Release|Any CPU.ActiveCfg = Release|Any CPU
		{16E86A0E-8EF0-4589-8483-BFE6F1EEDBCD}.Release|Any CPU.Build.0 = Release|Any CPU
		{AC860FCC-C3ED-466F-B5F2-1A2C94F6F517}.Debug|Any CPU.ActiveCfg = Debug|Any CPU
		{AC860FCC-C3ED-466F-B5F2-1A2C94F6F517}.Debug|Any CPU.Build.0 = Debug|Any CPU
		{AC860FCC-C3ED-466F-B5F2-1A2C94F6F517}.Release|Any CPU.ActiveCfg = Release|Any CPU
		{AC860FCC-C3ED-466F-B5F2-1A2C94F6F517}.Release|Any CPU.Build.0 = Release|Any CPU
		{23947A02-4779-4284-AE3C-BB516E3C14F1}.Debug|Any CPU.ActiveCfg = Debug|Any CPU
		{23947A02-4779-4284-AE3C-BB516E3C14F1}.Debug|Any CPU.Build.0 = Debug|Any CPU
		{23947A02-4779-4284-AE3C-BB516E3C14F1}.Release|Any CPU.ActiveCfg = Release|Any CPU
		{23947A02-4779-4284-AE3C-BB516E3C14F1}.Release|Any CPU.Build.0 = Release|Any CPU
	EndGlobalSection
	GlobalSection(SolutionProperties) = preSolution
		HideSolutionNode = FALSE
	EndGlobalSection
	GlobalSection(NestedProjects) = preSolution
		{16E86A0E-8EF0-4589-8483-BFE6F1EEDBCD} = {EEAC5D1F-45BF-4DA2-BB8A-275F68CCFC02}
		{AC860FCC-C3ED-466F-B5F2-1A2C94F6F517} = {AD969FDB-70B2-4A19-A900-3413F71C0E54}
		{23947A02-4779-4284-AE3C-BB516E3C14F1} = {AD969FDB-70B2-4A19-A900-3413F71C0E54}
	EndGlobalSection
	GlobalSection(ExtensibilityGlobals) = postSolution
		SolutionGuid = {EF897875-81F6-473A-A7C5-D0D72CE23227}
	EndGlobalSection
EndGlobal
